
Microsoft Visual Studio Solution File, Format Version 12.00
# Visual Studio Version 17
VisualStudioVersion = 17.0.32014.148
MinimumVisualStudioVersion = 10.0.40219.1
Project("{FAE04EC0-301F-11D3-BF4B-00C04F79EFBC}") = "LetterCapitalize", "LetterCapitalize\LetterCapitalize.csproj", "{054E263C-9F97-4CCB-A346-68D1AB8BC629}"
EndProject
Global
	GlobalSection(SolutionConfigurationPlatforms) = preSolution
		Debug|Any CPU = Debug|Any CPU
		Release|Any CPU = Release|Any CPU
	EndGlobalSection
	GlobalSection(ProjectConfigurationPlatforms) = postSolution
		{054E263C-9F97-4CCB-A346-68D1AB8BC629}.Debug|Any CPU.ActiveCfg = Debug|Any CPU
		{054E263C-9F97-4CCB-A346-68D1AB8BC629}.Debug|Any CPU.Build.0 = Debug|Any CPU
		{054E263C-9F97-4CCB-A346-68D1AB8BC629}.Release|Any CPU.ActiveCfg = Release|Any CPU
		{054E263C-9F97-4CCB-A346-68D1AB8BC629}.Release|Any CPU.Build.0 = Release|Any CPU
	EndGlobalSection
	GlobalSection(SolutionProperties) = preSolution
		HideSolutionNode = FALSE
	EndGlobalSection
	GlobalSection(ExtensibilityGlobals) = postSolution
		SolutionGuid = {6E7B5AFC-80D5-4E97-A0FD-A2173550D3B5}
	EndGlobalSection
EndGlobal
